// !$*UTF8*$!
{
	archiveVersion = 1;
	classes = {
	};
	objectVersion = 77;
	objects = {

/* Begin PBXBuildFile section */
		8FD7F3E82EC8F68400CFF5B0 /* ABOUT.md in Resources */ = {isa = PBXBuildFile; fileRef = 8FD7F3E72EC8F68400CFF5B0 /* ABOUT.md */; };
/* End PBXBuildFile section */

/* Begin PBXContainerItemProxy section */
		8FD7F3CB2EC8F66500CFF5B0 /* PBXContainerItemProxy */ = {
			isa = PBXContainerItemProxy;
			containerPortal = 8FD7F3B02EC8F66200CFF5B0 /* Project object */;
			proxyType = 1;
			remoteGlobalIDString = 8FD7F3B72EC8F66300CFF5B0;
			remoteInfo = MeetRec;
		};
		8FD7F3D52EC8F66500CFF5B0 /* PBXContainerItemProxy */ = {
			isa = PBXContainerItemProxy;
			containerPortal = 8FD7F3B02EC8F66200CFF5B0 /* Project object */;
			proxyType = 1;
			remoteGlobalIDString = 8FD7F3B72EC8F66300CFF5B0;
			remoteInfo = MeetRec;
		};
/* End PBXContainerItemProxy section */

/* Begin PBXFileReference section */
		8FD7F3B82EC8F66300CFF5B0 /* MeetRec.app */ = {isa = PBXFileReference; explicitFileType = wrapper.application; includeInIndex = 0; path = MeetRec.app; sourceTree = BUILT_PRODUCTS_DIR; };
		8FD7F3CA2EC8F66500CFF5B0 /* MeetRecTests.xctest */ = {isa = PBXFileReference; explicitFileType = wrapper.cfbundle; includeInIndex = 0; path = MeetRecTests.xctest; sourceTree = BUILT_PRODUCTS_DIR; };
		8FD7F3D42EC8F66500CFF5B0 /* MeetRecUITests.xctest */ = {isa = PBXFileReference; explicitFileType = wrapper.cfbundle; includeInIndex = 0; path = MeetRecUITests.xctest; sourceTree = BUILT_PRODUCTS_DIR; };
		8FD7F3E72EC8F68400CFF5B0 /* ABOUT.md */ = {isa = PBXFileReference; lastKnownFileType = net.daringfireball.markdown; path = ABOUT.md; sourceTree = "<group>"; };
/* End PBXFileReference section */

/* Begin PBXFileSystemSynchronizedRootGroup section */
		8FD7F3BA2EC8F66300CFF5B0 /* MeetRec */ = {
			isa = PBXFileSystemSynchronizedRootGroup;
			path = MeetRec;
			sourceTree = "<group>";
		};
		8FD7F3CD2EC8F66500CFF5B0 /* MeetRecTests */ = {
			isa = PBXFileSystemSynchronizedRootGroup;
			path = MeetRecTests;
			sourceTree = "<group>";
		};
		8FD7F3D72EC8F66500CFF5B0 /* MeetRecUITests */ = {
			isa = PBXFileSystemSynchronizedRootGroup;
			path = MeetRecUITests;
			sourceTree = "<group>";
		};
/* End PBXFileSystemSynchronizedRootGroup section */

/* Begin PBXFrameworksBuildPhase section */
		8FD7F3B52EC8F66300CFF5B0 /* Frameworks */ = {
			isa = PBXFrameworksBuildPhase;
			buildActionMask = 2147483647;
			files = (
			);
			runOnlyForDeploymentPostprocessing = 0;
		};
		8FD7F3C72EC8F66500CFF5B0 /* Frameworks */ = {
			isa = PBXFrameworksBuildPhase;
			buildActionMask = 2147483647;
			files = (
			);
			runOnlyForDeploymentPostprocessing = 0;
		};
		8FD7F3D12EC8F66500CFF5B0 /* Frameworks */ = {
			isa = PBXFrameworksBuildPhase;
			buildActionMask = 2147483647;
			files = (
			);
			runOnlyForDeploymentPostprocessing = 0;
		};
/* End PBXFrameworksBuildPhase section */

/* Begin PBXGroup section */
		8FD7F3AF2EC8F66200CFF5B0 = {
			isa = PBXGroup;
			children = (
				8FD7F3BA2EC8F66300CFF5B0 /* MeetRec */,
				8FD7F3CD2EC8F66500CFF5B0 /* MeetRecTests */,
				8FD7F3D72EC8F66500CFF5B0 /* MeetRecUITests */,
				8FD7F3B92EC8F66300CFF5B0 /* Products */,
				8FD7F3E72EC8F68400CFF5B0 /* ABOUT.md */,
			);
			sourceTree = "<group>";
		};
		8FD7F3B92EC8F66300CFF5B0 /* Products */ = {
			isa = PBXGroup;
			children = (
				8FD7F3B82EC8F66300CFF5B0 /* MeetRec.app */,
				8FD7F3CA2EC8F66500CFF5B0 /* MeetRecTests.xctest */,
				8FD7F3D42EC8F66500CFF5B0 /* MeetRecUITests.xctest */,
			);
			name = Products;
			sourceTree = "<group>";
		};
/* End PBXGroup section */

/* Begin PBXNativeTarget section */
		8FD7F3B72EC8F66300CFF5B0 /* MeetRec */ = {
			isa = PBXNativeTarget;
			buildConfigurationList = 8FD7F3DE2EC8F66500CFF5B0 /* Build configuration list for PBXNativeTarget "MeetRec" */;
			buildPhases = (
				8FD7F3B42EC8F66300CFF5B0 /* Sources */,
				8FD7F3B52EC8F66300CFF5B0 /* Frameworks */,
				8FD7F3B62EC8F66300CFF5B0 /* Resources */,
			);
			buildRules = (
			);
			dependencies = (
			);
			fileSystemSynchronizedGroups = (
				8FD7F3BA2EC8F66300CFF5B0 /* MeetRec */,
			);
			name = MeetRec;
			packageProductDependencies = (
			);
			productName = MeetRec;
			productReference = 8FD7F3B82EC8F66300CFF5B0 /* MeetRec.app */;
			productType = "com.apple.product-type.application";
		};
		8FD7F3C92EC8F66500CFF5B0 /* MeetRecTests */ = {
			isa = PBXNativeTarget;
			buildConfigurationList = 8FD7F3E12EC8F66500CFF5B0 /* Build configuration list for PBXNativeTarget "MeetRecTests" */;
			buildPhases = (
				8FD7F3C62EC8F66500CFF5B0 /* Sources */,
				8FD7F3C72EC8F66500CFF5B0 /* Frameworks */,
				8FD7F3C82EC8F66500CFF5B0 /* Resources */,
			);
			buildRules = (
			);
			dependencies = (
				8FD7F3CC2EC8F66500CFF5B0 /* PBXTargetDependency */,
			);
			fileSystemSynchronizedGroups = (
				8FD7F3CD2EC8F66500CFF5B0 /* MeetRecTests */,
			);
			name = MeetRecTests;
			packageProductDependencies = (
			);
			productName = MeetRecTests;
			productReference = 8FD7F3CA2EC8F66500CFF5B0 /* MeetRecTests.xctest */;
			productType = "com.apple.product-type.bundle.unit-test";
		};
		8FD7F3D32EC8F66500CFF5B0 /* MeetRecUITests */ = {
			isa = PBXNativeTarget;
			buildConfigurationList = 8FD7F3E42EC8F66500CFF5B0 /* Build configuration list for PBXNativeTarget "MeetRecUITests" */;
			buildPhases = (
				8FD7F3D02EC8F66500CFF5B0 /* Sources */,
				8FD7F3D12EC8F66500CFF5B0 /* Frameworks */,
				8FD7F3D22EC8F66500CFF5B0 /* Resources */,
			);
			buildRules = (
			);
			dependencies = (
				8FD7F3D62EC8F66500CFF5B0 /* PBXTargetDependency */,
			);
			fileSystemSynchronizedGroups = (
				8FD7F3D72EC8F66500CFF5B0 /* MeetRecUITests */,
			);
			name = MeetRecUITests;
			packageProductDependencies = (
			);
			productName = MeetRecUITests;
			productReference = 8FD7F3D42EC8F66500CFF5B0 /* MeetRecUITests.xctest */;
			productType = "com.apple.product-type.bundle.ui-testing";
		};
/* End PBXNativeTarget section */

/* Begin PBXProject section */
		8FD7F3B02EC8F66200CFF5B0 /* Project object */ = {
			isa = PBXProject;
			attributes = {
				BuildIndependentTargetsInParallel = 1;
				LastSwiftUpdateCheck = 2600;
				LastUpgradeCheck = 2600;
				TargetAttributes = {
					8FD7F3B72EC8F66300CFF5B0 = {
						CreatedOnToolsVersion = 26.0;
					};
					8FD7F3C92EC8F66500CFF5B0 = {
						CreatedOnToolsVersion = 26.0;
						TestTargetID = 8FD7F3B72EC8F66300CFF5B0;
					};
					8FD7F3D32EC8F66500CFF5B0 = {
						CreatedOnToolsVersion = 26.0;
						TestTargetID = 8FD7F3B72EC8F66300CFF5B0;
					};
				};
			};
			buildConfigurationList = 8FD7F3B32EC8F66300CFF5B0 /* Build configuration list for PBXProject "MeetRec" */;
			developmentRegion = en;
			hasScannedForEncodings = 0;
			knownRegions = (
				en,
				Base,
			);
			mainGroup = 8FD7F3AF2EC8F66200CFF5B0;
			minimizedProjectReferenceProxies = 1;
			preferredProjectObjectVersion = 77;
			productRefGroup = 8FD7F3B92EC8F66300CFF5B0 /* Products */;
			projectDirPath = "";
			projectRoot = "";
			targets = (
				8FD7F3B72EC8F66300CFF5B0 /* MeetRec */,
				8FD7F3C92EC8F66500CFF5B0 /* MeetRecTests */,
				8FD7F3D32EC8F66500CFF5B0 /* MeetRecUITests */,
			);
		};
/* End PBXProject section */

/* Begin PBXResourcesBuildPhase section */
		8FD7F3B62EC8F66300CFF5B0 /* Resources */ = {
			isa = PBXResourcesBuildPhase;
			buildActionMask = 2147483647;
			files = (
				8FD7F3E82EC8F68400CFF5B0 /* ABOUT.md in Resources */,
			);
			runOnlyForDeploymentPostprocessing = 0;
		};
		8FD7F3C82EC8F66500CFF5B0 /* Resources */ = {
			isa = PBXResourcesBuildPhase;
			buildActionMask = 2147483647;
			files = (
			);
			runOnlyForDeploymentPostprocessing = 0;
		};
		8FD7F3D22EC8F66500CFF5B0 /* Resources */ = {
			isa = PBXResourcesBuildPhase;
			buildActionMask = 2147483647;
			files = (
			);
			runOnlyForDeploymentPostprocessing = 0;
		};
/* End PBXResourcesBuildPhase section */

/* Begin PBXSourcesBuildPhase section */
		8FD7F3B42EC8F66300CFF5B0 /* Sources */ = {
			isa = PBXSourcesBuildPhase;
			buildActionMask = 2147483647;
			files = (
			);
			runOnlyForDeploymentPostprocessing = 0;
		};
		8FD7F3C62EC8F66500CFF5B0 /* Sources */ = {
			isa = PBXSourcesBuildPhase;
			buildActionMask = 2147483647;
			files = (
			);
			runOnlyForDeploymentPostprocessing = 0;
		};
		8FD7F3D02EC8F66500CFF5B0 /* Sources */ = {
			isa = PBXSourcesBuildPhase;
			buildActionMask = 2147483647;
			files = (
			);
			runOnlyForDeploymentPostprocessing = 0;
		};
/* End PBXSourcesBuildPhase section */

/* Begin PBXTargetDependency section */
		8FD7F3CC2EC8F66500CFF5B0 /* PBXTargetDependency */ = {
			isa = PBXTargetDependency;
			target = 8FD7F3B72EC8F66300CFF5B0 /* MeetRec */;
			targetProxy = 8FD7F3CB2EC8F66500CFF5B0 /* PBXContainerItemProxy */;
		};
		8FD7F3D62EC8F66500CFF5B0 /* PBXTargetDependency */ = {
			isa = PBXTargetDependency;
			target = 8FD7F3B72EC8F66300CFF5B0 /* MeetRec */;
			targetProxy = 8FD7F3D52EC8F66500CFF5B0 /* PBXContainerItemProxy */;
		};
/* End PBXTargetDependency section */

/* Begin XCBuildConfiguration section */
		8FD7F3DC2EC8F66500CFF5B0 /* Debug */ = {
			isa = XCBuildConfiguration;
			buildSettings = {
				ALWAYS_SEARCH_USER_PATHS = NO;
				ASSETCATALOG_COMPILER_GENERATE_SWIFT_ASSET_SYMBOL_EXTENSIONS = YES;
				CLANG_ANALYZER_NONNULL = YES;
				CLANG_ANALYZER_NUMBER_OBJECT_CONVERSION = YES_AGGRESSIVE;
				CLANG_CXX_LANGUAGE_STANDARD = "gnu++20";
				CLANG_ENABLE_MODULES = YES;
				CLANG_ENABLE_OBJC_ARC = YES;
				CLANG_ENABLE_OBJC_WEAK = YES;
				CLANG_WARN_BLOCK_CAPTURE_AUTORELEASING = YES;
				CLANG_WARN_BOOL_CONVERSION = YES;
				CLANG_WARN_COMMA = YES;
				CLANG_WARN_CONSTANT_CONVERSION = YES;
				CLANG_WARN_DEPRECATED_OBJC_IMPLEMENTATIONS = YES;
				CLANG_WARN_DIRECT_OBJC_ISA_USAGE = YES_ERROR;
				CLANG_WARN_DOCUMENTATION_COMMENTS = YES;
				CLANG_WARN_EMPTY_BODY = YES;
				CLANG_WARN_ENUM_CONVERSION = YES;
				CLANG_WARN_INFINITE_RECURSION = YES;
				CLANG_WARN_INT_CONVERSION = YES;
				CLANG_WARN_NON_LITERAL_NULL_CONVERSION = YES;
				CLANG_WARN_OBJC_IMPLICIT_RETAIN_SELF = YES;
				CLANG_WARN_OBJC_LITERAL_CONVERSION = YES;
				CLANG_WARN_OBJC_ROOT_CLASS = YES_ERROR;
				CLANG_WARN_QUOTED_INCLUDE_IN_FRAMEWORK_HEADER = YES;
				CLANG_WARN_RANGE_LOOP_ANALYSIS = YES;
				CLANG_WARN_STRICT_PROTOTYPES = YES;
				CLANG_WARN_SUSPICIOUS_MOVE = YES;
				CLANG_WARN_UNGUARDED_AVAILABILITY = YES_AGGRESSIVE;
				CLANG_WARN_UNREACHABLE_CODE = YES;
				CLANG_WARN__DUPLICATE_METHOD_MATCH = YES;
				COPY_PHASE_STRIP = NO;
				DEBUG_INFORMATION_FORMAT = dwarf;
				DEVELOPMENT_TEAM = GK9543DQRK;
				ENABLE_STRICT_OBJC_MSGSEND = YES;
				ENABLE_TESTABILITY = YES;
				ENABLE_USER_SCRIPT_SANDBOXING = YES;
				GCC_C_LANGUAGE_STANDARD = gnu17;
				GCC_DYNAMIC_NO_PIC = NO;
				GCC_NO_COMMON_BLOCKS = YES;
				GCC_OPTIMIZATION_LEVEL = 0;
				GCC_PREPROCESSOR_DEFINITIONS = (
					"DEBUG=1",
					"$(inherited)",
				);
				GCC_WARN_64_TO_32_BIT_CONVERSION = YES;
				GCC_WARN_ABOUT_RETURN_TYPE = YES_ERROR;
				GCC_WARN_UNDECLARED_SELECTOR = YES;
				GCC_WARN_UNINITIALIZED_AUTOS = YES_AGGRESSIVE;
				GCC_WARN_UNUSED_FUNCTION = YES;
				GCC_WARN_UNUSED_VARIABLE = YES;
				LOCALIZATION_PREFERS_STRING_CATALOGS = YES;
				MACOSX_DEPLOYMENT_TARGET = 26.0;
				MTL_ENABLE_DEBUG_INFO = INCLUDE_SOURCE;
				MTL_FAST_MATH = YES;
				ONLY_ACTIVE_ARCH = YES;
				SDKROOT = macosx;
				SWIFT_ACTIVE_COMPILATION_CONDITIONS = "DEBUG $(inherited)";
				SWIFT_OPTIMIZATION_LEVEL = "-Onone";
			};
			name = Debug;
		};
		8FD7F3DD2EC8F66500CFF5B0 /* Release */ = {
			isa = XCBuildConfiguration;
			buildSettings = {
				ALWAYS_SEARCH_USER_PATHS = NO;
				ASSETCATALOG_COMPILER_GENERATE_SWIFT_ASSET_SYMBOL_EXTENSIONS = YES;
				CLANG_ANALYZER_NONNULL = YES;
				CLANG_ANALYZER_NUMBER_OBJECT_CONVERSION = YES_AGGRESSIVE;
				CLANG_CXX_LANGUAGE_STANDARD = "gnu++20";
				CLANG_ENABLE_MODULES = YES;
				CLANG_ENABLE_OBJC_ARC = YES;
				CLANG_ENABLE_OBJC_WEAK = YES;
				CLANG_WARN_BLOCK_CAPTURE_AUTORELEASING = YES;
				CLANG_WARN_BOOL_CONVERSION = YES;
				CLANG_WARN_COMMA = YES;
				CLANG_WARN_CONSTANT_CONVERSION = YES;
				CLANG_WARN_DEPRECATED_OBJC_IMPLEMENTATIONS = YES;
				CLANG_WARN_DIRECT_OBJC_ISA_USAGE = YES_ERROR;
				CLANG_WARN_DOCUMENTATION_COMMENTS = YES;
				CLANG_WARN_EMPTY_BODY = YES;
				CLANG_WARN_ENUM_CONVERSION = YES;
				CLANG_WARN_INFINITE_RECURSION = YES;
				CLANG_WARN_INT_CONVERSION = YES;
				CLANG_WARN_NON_LITERAL_NULL_CONVERSION = YES;
				CLANG_WARN_OBJC_IMPLICIT_RETAIN_SELF = YES;
				CLANG_WARN_OBJC_LITERAL_CONVERSION = YES;
				CLANG_WARN_OBJC_ROOT_CLASS = YES_ERROR;
				CLANG_WARN_QUOTED_INCLUDE_IN_FRAMEWORK_HEADER = YES;
				CLANG_WARN_RANGE_LOOP_ANALYSIS = YES;
				CLANG_WARN_STRICT_PROTOTYPES = YES;
				CLANG_WARN_SUSPICIOUS_MOVE = YES;
				CLANG_WARN_UNGUARDED_AVAILABILITY = YES_AGGRESSIVE;
				CLANG_WARN_UNREACHABLE_CODE = YES;
				CLANG_WARN__DUPLICATE_METHOD_MATCH = YES;
				COPY_PHASE_STRIP = NO;
				DEBUG_INFORMATION_FORMAT = "dwarf-with-dsym";
				DEVELOPMENT_TEAM = GK9543DQRK;
				ENABLE_NS_ASSERTIONS = NO;
				ENABLE_STRICT_OBJC_MSGSEND = YES;
				ENABLE_USER_SCRIPT_SANDBOXING = YES;
				GCC_C_LANGUAGE_STANDARD = gnu17;
				GCC_NO_COMMON_BLOCKS = YES;
				GCC_WARN_64_TO_32_BIT_CONVERSION = YES;
				GCC_WARN_ABOUT_RETURN_TYPE = YES_ERROR;
				GCC_WARN_UNDECLARED_SELECTOR = YES;
				GCC_WARN_UNINITIALIZED_AUTOS = YES_AGGRESSIVE;
				GCC_WARN_UNUSED_FUNCTION = YES;
				GCC_WARN_UNUSED_VARIABLE = YES;
				LOCALIZATION_PREFERS_STRING_CATALOGS = YES;
				MACOSX_DEPLOYMENT_TARGET = 26.0;
				MTL_ENABLE_DEBUG_INFO = NO;
				MTL_FAST_MATH = YES;
				SDKROOT = macosx;
				SWIFT_COMPILATION_MODE = wholemodule;
			};
			name = Release;
		};
		8FD7F3DF2EC8F66500CFF5B0 /* Debug */ = {
			isa = XCBuildConfiguration;
			buildSettings = {
				ASSETCATALOG_COMPILER_APPICON_NAME = AppIcon;
				ASSETCATALOG_COMPILER_GLOBAL_ACCENT_COLOR_NAME = AccentColor;
				CODE_SIGN_ENTITLEMENTS = MeetRec/MeetRec.entitlements;
				CODE_SIGN_STYLE = Automatic;
				COMBINE_HIDPI_IMAGES = YES;
				CURRENT_PROJECT_VERSION = 1;
				DEVELOPMENT_TEAM = GK9543DQRK;
				ENABLE_APP_SANDBOX = YES;
				ENABLE_HARDENED_RUNTIME = YES;
				ENABLE_PREVIEWS = YES;
				ENABLE_USER_SELECTED_FILES = readonly;
				GENERATE_INFOPLIST_FILE = YES;
				INFOPLIST_KEY_NSHumanReadableCopyright = "";
				INFOPLIST_KEY_NSMicrophoneUsageDescription = "MeetRec needs access to your microphone to record audio during meetings and sessions.";
				LD_RUNPATH_SEARCH_PATHS = (
					"$(inherited)",
					"@executable_path/../Frameworks",
				);
				MARKETING_VERSION = 1.0;
				PRODUCT_BUNDLE_IDENTIFIER = eruditedigital.MeetRec;
				PRODUCT_NAME = "$(TARGET_NAME)";
				REGISTER_APP_GROUPS = YES;
				STRING_CATALOG_GENERATE_SYMBOLS = YES;
				SWIFT_APPROACHABLE_CONCURRENCY = YES;
				SWIFT_DEFAULT_ACTOR_ISOLATION = MainActor;
				SWIFT_EMIT_LOC_STRINGS = YES;
				SWIFT_UPCOMING_FEATURE_MEMBER_IMPORT_VISIBILITY = YES;
				SWIFT_VERSION = 5.0;
			};
			name = Debug;
		};
		8FD7F3E02EC8F66500CFF5B0 /* Release */ = {
			isa = XCBuildConfiguration;
			buildSettings = {
				ASSETCATALOG_COMPILER_APPICON_NAME = AppIcon;
				ASSETCATALOG_COMPILER_GLOBAL_ACCENT_COLOR_NAME = AccentColor;
				CODE_SIGN_ENTITLEMENTS = MeetRec/MeetRec.entitlements;
				CODE_SIGN_STYLE = Automatic;
				COMBINE_HIDPI_IMAGES = YES;
				CURRENT_PROJECT_VERSION = 1;
				DEVELOPMENT_TEAM = GK9543DQRK;
				ENABLE_APP_SANDBOX = YES;
				ENABLE_HARDENED_RUNTIME = YES;
				ENABLE_PREVIEWS = YES;
				ENABLE_USER_SELECTED_FILES = readonly;
				GENERATE_INFOPLIST_FILE = YES;
				INFOPLIST_KEY_NSHumanReadableCopyright = "";
				INFOPLIST_KEY_NSMicrophoneUsageDescription = "MeetRec needs access to your microphone to record audio during meetings and sessions.";
				LD_RUNPATH_SEARCH_PATHS = (
					"$(inherited)",
					"@executable_path/../Frameworks",
				);
				MARKETING_VERSION = 1.0;
				PRODUCT_BUNDLE_IDENTIFIER = eruditedigital.MeetRec;
				PRODUCT_NAME = "$(TARGET_NAME)";
				REGISTER_APP_GROUPS = YES;
				STRING_CATALOG_GENERATE_SYMBOLS = YES;
				SWIFT_APPROACHABLE_CONCURRENCY = YES;
				SWIFT_DEFAULT_ACTOR_ISOLATION = MainActor;
				SWIFT_EMIT_LOC_STRINGS = YES;
				SWIFT_UPCOMING_FEATURE_MEMBER_IMPORT_VISIBILITY = YES;
				SWIFT_VERSION = 5.0;
			};
			name = Release;
		};
		8FD7F3E22EC8F66500CFF5B0 /* Debug */ = {
			isa = XCBuildConfiguration;
			buildSettings = {
				BUNDLE_LOADER = "$(TEST_HOST)";
				CODE_SIGN_STYLE = Automatic;
				CURRENT_PROJECT_VERSION = 1;
				DEVELOPMENT_TEAM = GK9543DQRK;
				GENERATE_INFOPLIST_FILE = YES;
				MACOSX_DEPLOYMENT_TARGET = 26.0;
				MARKETING_VERSION = 1.0;
				PRODUCT_BUNDLE_IDENTIFIER = eruditedigital.MeetRecTests;
				PRODUCT_NAME = "$(TARGET_NAME)";
				STRING_CATALOG_GENERATE_SYMBOLS = NO;
				SWIFT_APPROACHABLE_CONCURRENCY = YES;
				SWIFT_EMIT_LOC_STRINGS = NO;
				SWIFT_UPCOMING_FEATURE_MEMBER_IMPORT_VISIBILITY = YES;
				SWIFT_VERSION = 5.0;
				TEST_HOST = "$(BUILT_PRODUCTS_DIR)/MeetRec.app/$(BUNDLE_EXECUTABLE_FOLDER_PATH)/MeetRec";
			};
			name = Debug;
		};
		8FD7F3E32EC8F66500CFF5B0 /* Release */ = {
			isa = XCBuildConfiguration;
			buildSettings = {
				BUNDLE_LOADER = "$(TEST_HOST)";
				CODE_SIGN_STYLE = Automatic;
				CURRENT_PROJECT_VERSION = 1;
				DEVELOPMENT_TEAM = GK9543DQRK;
				GENERATE_INFOPLIST_FILE = YES;
				MACOSX_DEPLOYMENT_TARGET = 26.0;
				MARKETING_VERSION = 1.0;
				PRODUCT_BUNDLE_IDENTIFIER = eruditedigital.MeetRecTests;
				PRODUCT_NAME = "$(TARGET_NAME)";
				STRING_CATALOG_GENERATE_SYMBOLS = NO;
				SWIFT_APPROACHABLE_CONCURRENCY = YES;
				SWIFT_EMIT_LOC_STRINGS = NO;
				SWIFT_UPCOMING_FEATURE_MEMBER_IMPORT_VISIBILITY = YES;
				SWIFT_VERSION = 5.0;
				TEST_HOST = "$(BUILT_PRODUCTS_DIR)/MeetRec.app/$(BUNDLE_EXECUTABLE_FOLDER_PATH)/MeetRec";
			};
			name = Release;
		};
		8FD7F3E52EC8F66500CFF5B0 /* Debug */ = {
			isa = XCBuildConfiguration;
			buildSettings = {
				CODE_SIGN_STYLE = Automatic;
				CURRENT_PROJECT_VERSION = 1;
				DEVELOPMENT_TEAM = GK9543DQRK;
				GENERATE_INFOPLIST_FILE = YES;
				MARKETING_VERSION = 1.0;
				PRODUCT_BUNDLE_IDENTIFIER = eruditedigital.MeetRecUITests;
				PRODUCT_NAME = "$(TARGET_NAME)";
				STRING_CATALOG_GENERATE_SYMBOLS = NO;
				SWIFT_APPROACHABLE_CONCURRENCY = YES;
				SWIFT_EMIT_LOC_STRINGS = NO;
				SWIFT_UPCOMING_FEATURE_MEMBER_IMPORT_VISIBILITY = YES;
				SWIFT_VERSION = 5.0;
				TEST_TARGET_NAME = MeetRec;
			};
			name = Debug;
		};
		8FD7F3E62EC8F66500CFF5B0 /* Release */ = {
			isa = XCBuildConfiguration;
			buildSettings = {
				CODE_SIGN_STYLE = Automatic;
				CURRENT_PROJECT_VERSION = 1;
				DEVELOPMENT_TEAM = GK9543DQRK;
				GENERATE_INFOPLIST_FILE = YES;
				MARKETING_VERSION = 1.0;
				PRODUCT_BUNDLE_IDENTIFIER = eruditedigital.MeetRecUITests;
				PRODUCT_NAME = "$(TARGET_NAME)";
				STRING_CATALOG_GENERATE_SYMBOLS = NO;
				SWIFT_APPROACHABLE_CONCURRENCY = YES;
				SWIFT_EMIT_LOC_STRINGS = NO;
				SWIFT_UPCOMING_FEATURE_MEMBER_IMPORT_VISIBILITY = YES;
				SWIFT_VERSION = 5.0;
				TEST_TARGET_NAME = MeetRec;
			};
			name = Release;
		};
/* End XCBuildConfiguration section */

/* Begin XCConfigurationList section */
		8FD7F3B32EC8F66300CFF5B0 /* Build configuration list for PBXProject "MeetRec" */ = {
			isa = XCConfigurationList;
			buildConfigurations = (
				8FD7F3DC2EC8F66500CFF5B0 /* Debug */,
				8FD7F3DD2EC8F66500CFF5B0 /* Release */,
			);
			defaultConfigurationIsVisible = 0;
			defaultConfigurationName = Release;
		};
		8FD7F3DE2EC8F66500CFF5B0 /* Build configuration list for PBXNativeTarget "MeetRec" */ = {
			isa = XCConfigurationList;
			buildConfigurations = (
				8FD7F3DF2EC8F66500CFF5B0 /* Debug */,
				8FD7F3E02EC8F66500CFF5B0 /* Release */,
			);
			defaultConfigurationIsVisible = 0;
			defaultConfigurationName = Release;
		};
		8FD7F3E12EC8F66500CFF5B0 /* Build configuration list for PBXNativeTarget "MeetRecTests" */ = {
			isa = XCConfigurationList;
			buildConfigurations = (
				8FD7F3E22EC8F66500CFF5B0 /* Debug */,
				8FD7F3E32EC8F66500CFF5B0 /* Release */,
			);
			defaultConfigurationIsVisible = 0;
			defaultConfigurationName = Release;
		};
		8FD7F3E42EC8F66500CFF5B0 /* Build configuration list for PBXNativeTarget "MeetRecUITests" */ = {
			isa = XCConfigurationList;
			buildConfigurations = (
				8FD7F3E52EC8F66500CFF5B0 /* Debug */,
				8FD7F3E62EC8F66500CFF5B0 /* Release */,
			);
			defaultConfigurationIsVisible = 0;
			defaultConfigurationName = Release;
		};
/* End XCConfigurationList section */
	};
	rootObject = 8FD7F3B02EC8F66200CFF5B0 /* Project object */;
}
